<?xml version="1.0" encoding="utf-8"?>
<Project ToolsVersion="4.0" xmlns="http://schemas.microsoft.com/developer/msbuild/2003">
  <ItemGroup>
    <Filter Include="Source Files">
      <UniqueIdentifier>{4FC737F1-C7A5-4376-A066-2A32D752A2FF}</UniqueIdentifier>
      <Extensions>cpp;c;cc;cxx;c++;cppm;ixx;def;odl;idl;hpj;bat;asm;asmx</Extensions>
    </Filter>
    <Filter Include="Header Files">
      <UniqueIdentifier>{93995380-89BD-4b04-88EB-625FBE52EBFB}</UniqueIdentifier>
      <Extensions>h;hh;hpp;hxx;h++;hm;inl;inc;ipp;xsd</Extensions>
    </Filter>
    <Filter Include="Resource Files">
      <UniqueIdentifier>{67DA6AB6-F800-4c08-8B7A-83BB121AAD01}</UniqueIdentifier>
      <Extensions>rc;ico;cur;bmp;dlg;rc2;rct;bin;rgs;gif;jpg;jpeg;jpe;resx;tiff;tif;png;wav;mfcribbon-ms</Extensions>
    </Filter>
  </ItemGroup>
  <ItemGroup>
    <ClCompile Include="Source.cpp">
      <Filter>Source Files</Filter>
    </ClCompile>
  </ItemGroup>
  <ItemGroup>
    <ClInclude Include="clsscreen.h">
      <Filter>Header Files</Filter>
    </ClInclude>
    <ClInclude Include="clsMainscreen.h">
      <Filter>Header Files</Filter>
    </ClInclude>
    <ClInclude Include="clsinput.h">
      <Filter>Header Files</Filter>
    </ClInclude>
    <ClInclude Include="clsDate.h">
      <Filter>Header Files</Filter>
    </ClInclude>
    <ClInclude Include="clsString.h">
      <Filter>Header Files</Filter>
    </ClInclude>
    <ClInclude Include="clslistClient.h">
      <Filter>Header Files</Filter>
    </ClInclude>
    <ClInclude Include="clsCilentBank.h">
      <Filter>Header Files</Filter>
    </ClInclude>
    <ClInclude Include="clsPerson.h">
      <Filter>Header Files</Filter>
    </ClInclude>
    <ClInclude Include="clsAddClient.h">
      <Filter>Header Files</Filter>
    </ClInclude>
    <ClInclude Include="clsDeleteClient.h">
      <Filter>Header Files</Filter>
    </ClInclude>
    <ClInclude Include="clsUpdateClient.h">
      <Filter>Header Files</Filter>
    </ClInclude>
    <ClInclude Include="clsFindClient.h">
      <Filter>Header Files</Filter>
    </ClInclude>
    <ClInclude Include="clsscreentransaction.h">
      <Filter>Header Files</Filter>
    </ClInclude>
    <ClInclude Include="clsDepositclients.h">
      <Filter>Header Files</Filter>
    </ClInclude>
    <ClInclude Include="clswithhdrawClients.h">
      <Filter>Header Files</Filter>
    </ClInclude>
    <ClInclude Include="clsTotalAccountBalance.h">
      <Filter>Header Files</Filter>
    </ClInclude>
    <ClInclude Include="clsUtil.h">
      <Filter>Header Files</Filter>
    </ClInclude>
    <ClInclude Include="clsManageUsers.h">
      <Filter>Header Files</Filter>
    </ClInclude>
    <ClInclude Include="clsUser.h">
      <Filter>Header Files</Filter>
    </ClInclude>
    <ClInclude Include="clsListUsers.h">
      <Filter>Header Files</Filter>
    </ClInclude>
    <ClInclude Include="clsAddUsers.h">
      <Filter>Header Files</Filter>
    </ClInclude>
    <ClInclude Include="clsDeleteUser.h">
      <Filter>Header Files</Filter>
    </ClInclude>
    <ClInclude Include="clsUpdateUser.h">
      <Filter>Header Files</Filter>
    </ClInclude>
    <ClInclude Include="clsFindUser.h">
      <Filter>Header Files</Filter>
    </ClInclude>
    <ClInclude Include="clsGolbal.h">
      <Filter>Header Files</Filter>
    </ClInclude>
    <ClInclude Include="clsLoginScreen.h">
      <Filter>Header Files</Filter>
    </ClInclude>
    <ClInclude Include="clsloginRegisterscreen.h">
      <Filter>Header Files</Filter>
    </ClInclude>
    <ClInclude Include="clsTransferScreen.h">
      <Filter>Header Files</Filter>
    </ClInclude>
    <ClInclude Include="clstransferlogscreen.h">
      <Filter>Header Files</Filter>
    </ClInclude>
    <ClInclude Include="clsCurrency.h">
      <Filter>Header Files</Filter>
    </ClInclude>
    <ClInclude Include="clsCurrencyScreen.h">
      <Filter>Header Files</Filter>
    </ClInclude>
    <ClInclude Include="clsCurrencyList.h">
      <Filter>Header Files</Filter>
    </ClInclude>
    <ClInclude Include="clsCurrencyFind.h">
      <Filter>Header Files</Filter>
    </ClInclude>
    <ClInclude Include="clsCurrencyUpdate.h">
      <Filter>Header Files</Filter>
    </ClInclude>
    <ClInclude Include="clsCalculaterCurrency.h">
      <Filter>Header Files</Filter>
    </ClInclude>
  </ItemGroup>
</Project>